
Microsoft Visual Studio Solution File, Format Version 12.00
# Visual Studio Version 17
VisualStudioVersion = 17.4.33205.214
MinimumVisualStudioVersion = 10.0.40219.1
Project("{FAE04EC0-301F-11D3-BF4B-00C04F79EFBC}") = "WindowsFormsApp6", "WindowsFormsApp6\WindowsFormsApp6.csproj", "{FF3E40C0-24AA-4D7D-BFC5-2640D148EABB}"
EndProject
Global
	GlobalSection(SolutionConfigurationPlatforms) = preSolution
		Debug|Any CPU = Debug|Any CPU
		Release|Any CPU = Release|Any CPU
	EndGlobalSection
	GlobalSection(ProjectConfigurationPlatforms) = postSolution
		{FF3E40C0-24AA-4D7D-BFC5-2640D148EABB}.Debug|Any CPU.ActiveCfg = Debug|Any CPU
		{FF3E40C0-24AA-4D7D-BFC5-2640D148EABB}.Debug|Any CPU.Build.0 = Debug|Any CPU
		{FF3E40C0-24AA-4D7D-BFC5-2640D148EABB}.Release|Any CPU.ActiveCfg = Release|Any CPU
		{FF3E40C0-24AA-4D7D-BFC5-2640D148EABB}.Release|Any CPU.Build.0 = Release|Any CPU
	EndGlobalSection
	GlobalSection(SolutionProperties) = preSolution
		HideSolutionNode = FALSE
	EndGlobalSection
	GlobalSection(ExtensibilityGlobals) = postSolution
		SolutionGuid = {97A24D4A-FCDA-43DD-B957-6170A9D945E9}
	EndGlobalSection
EndGlobal
